// !$*UTF8*$!
{
	archiveVersion = 1;
	classes = {
	};
	objectVersion = 46;
	objects = {

/* Begin PBXBuildFile section */
		D48AE8501A95699700F96E28 /* AppDelegate.swift in Sources */ = {isa = PBXBuildFile; fileRef = D48AE84F1A95699700F96E28 /* AppDelegate.swift */; };
		D48AE8521A95699700F96E28 /* ViewController.swift in Sources */ = {isa = PBXBuildFile; fileRef = D48AE8511A95699700F96E28 /* ViewController.swift */; };
		D48AE8551A95699700F96E28 /* Main.storyboard in Resources */ = {isa = PBXBuildFile; fileRef = D48AE8531A95699700F96E28 /* Main.storyboard */; };
		D48AE8571A95699700F96E28 /* Images.xcassets in Resources */ = {isa = PBXBuildFile; fileRef = D48AE8561A95699700F96E28 /* Images.xcassets */; };
		D48AE85A1A95699700F96E28 /* LaunchScreen.xib in Resources */ = {isa = PBXBuildFile; fileRef = D48AE8581A95699700F96E28 /* LaunchScreen.xib */; };
		D48AE8661A95699700F96E28 /* athletesTests.swift in Sources */ = {isa = PBXBuildFile; fileRef = D48AE8651A95699700F96E28 /* athletesTests.swift */; };
/* End PBXBuildFile section */

/* Begin PBXContainerItemProxy section */
		D48AE8601A95699700F96E28 /* PBXContainerItemProxy */ = {
			isa = PBXContainerItemProxy;
			containerPortal = D48AE8421A95699700F96E28 /* Project object */;
			proxyType = 1;
			remoteGlobalIDString = D48AE8491A95699700F96E28;
			remoteInfo = athletes;
		};
/* End PBXContainerItemProxy section */

/* Begin PBXFileReference section */
		D48AE84A1A95699700F96E28 /* athletes.app */ = {isa = PBXFileReference; explicitFileType = wrapper.application; includeInIndex = 0; path = athletes.app; sourceTree = BUILT_PRODUCTS_DIR; };
		D48AE84E1A95699700F96E28 /* Info.plist */ = {isa = PBXFileReference; lastKnownFileType = text.plist.xml; path = Info.plist; sourceTree = "<group>"; };
		D48AE84F1A95699700F96E28 /* AppDelegate.swift */ = {isa = PBXFileReference; lastKnownFileType = sourcecode.swift; path = AppDelegate.swift; sourceTree = "<group>"; };
		D48AE8511A95699700F96E28 /* ViewController.swift */ = {isa = PBXFileReference; lastKnownFileType = sourcecode.swift; path = ViewController.swift; sourceTree = "<group>"; };
		D48AE8541A95699700F96E28 /* Base */ = {isa = PBXFileReference; lastKnownFileType = file.storyboard; name = Base; path = Base.lproj/Main.storyboard; sourceTree = "<group>"; };
		D48AE8561A95699700F96E28 /* Images.xcassets */ = {isa = PBXFileReference; lastKnownFileType = folder.assetcatalog; path = Images.xcassets; sourceTree = "<group>"; };
		D48AE8591A95699700F96E28 /* Base */ = {isa = PBXFileReference; lastKnownFileType = file.xib; name = Base; path = Base.lproj/LaunchScreen.xib; sourceTree = "<group>"; };
		D48AE85F1A95699700F96E28 /* athletesTests.xctest */ = {isa = PBXFileReference; explicitFileType = wrapper.cfbundle; includeInIndex = 0; path = athletesTests.xctest; sourceTree = BUILT_PRODUCTS_DIR; };
		D48AE8641A95699700F96E28 /* Info.plist */ = {isa = PBXFileReference; lastKnownFileType = text.plist.xml; path = Info.plist; sourceTree = "<group>"; };
		D48AE8651A95699700F96E28 /* athletesTests.swift */ = {isa = PBXFileReference; lastKnownFileType = sourcecode.swift; path = athletesTests.swift; sourceTree = "<group>"; };
/* End PBXFileReference section */

/* Begin PBXFrameworksBuildPhase section */
		D48AE8471A95699700F96E28 /* Frameworks */ = {
			isa = PBXFrameworksBuildPhase;
			buildActionMask = 2147483647;
			files = (
			);
			runOnlyForDeploymentPostprocessing = 0;
		};
		D48AE85C1A95699700F96E28 /* Frameworks */ = {
			isa = PBXFrameworksBuildPhase;
			buildActionMask = 2147483647;
			files = (
			);
			runOnlyForDeploymentPostprocessing = 0;
		};
/* End PBXFrameworksBuildPhase section */

/* Begin PBXGroup section */
		D48AE8411A95699700F96E28 = {
			isa = PBXGroup;
			children = (
				D48AE84C1A95699700F96E28 /* athletes */,
				D48AE8621A95699700F96E28 /* athletesTests */,
				D48AE84B1A95699700F96E28 /* Products */,
			);
			sourceTree = "<group>";
		};
		D48AE84B1A95699700F96E28 /* Products */ = {
			isa = PBXGroup;
			children = (
				D48AE84A1A95699700F96E28 /* athletes.app */,
				D48AE85F1A95699700F96E28 /* athletesTests.xctest */,
			);
			name = Products;
			sourceTree = "<group>";
		};
		D48AE84C1A95699700F96E28 /* athletes */ = {
			isa = PBXGroup;
			children = (
				D48AE84F1A95699700F96E28 /* AppDelegate.swift */,
				D48AE8511A95699700F96E28 /* ViewController.swift */,
				D48AE8531A95699700F96E28 /* Main.storyboard */,
				D48AE8561A95699700F96E28 /* Images.xcassets */,
				D48AE8581A95699700F96E28 /* LaunchScreen.xib */,
				D48AE84D1A95699700F96E28 /* Supporting Files */,
			);
			path = athletes;
			sourceTree = "<group>";
		};
		D48AE84D1A95699700F96E28 /* Supporting Files */ = {
			isa = PBXGroup;
			children = (
				D48AE84E1A95699700F96E28 /* Info.plist */,
			);
			name = "Supporting Files";
			sourceTree = "<group>";
		};
		D48AE8621A95699700F96E28 /* athletesTests */ = {
			isa = PBXGroup;
			children = (
				D48AE8651A95699700F96E28 /* athletesTests.swift */,
				D48AE8631A95699700F96E28 /* Supporting Files */,
			);
			path = athletesTests;
			sourceTree = "<group>";
		};
		D48AE8631A95699700F96E28 /* Supporting Files */ = {
			isa = PBXGroup;
			children = (
				D48AE8641A95699700F96E28 /* Info.plist */,
			);
			name = "Supporting Files";
			sourceTree = "<group>";
		};
/* End PBXGroup section */

/* Begin PBXNativeTarget section */
		D48AE8491A95699700F96E28 /* athletes */ = {
			isa = PBXNativeTarget;
			buildConfigurationList = D48AE8691A95699700F96E28 /* Build configuration list for PBXNativeTarget "athletes" */;
			buildPhases = (
				D48AE8461A95699700F96E28 /* Sources */,
				D48AE8471A95699700F96E28 /* Frameworks */,
				D48AE8481A95699700F96E28 /* Resources */,
			);
			buildRules = (
			);
			dependencies = (
			);
			name = athletes;
			productName = athletes;
			productReference = D48AE84A1A95699700F96E28 /* athletes.app */;
			productType = "com.apple.product-type.application";
		};
		D48AE85E1A95699700F96E28 /* athletesTests */ = {
			isa = PBXNativeTarget;
			buildConfigurationList = D48AE86C1A95699700F96E28 /* Build configuration list for PBXNativeTarget "athletesTests" */;
			buildPhases = (
				D48AE85B1A95699700F96E28 /* Sources */,
				D48AE85C1A95699700F96E28 /* Frameworks */,
				D48AE85D1A95699700F96E28 /* Resources */,
			);
			buildRules = (
			);
			dependencies = (
				D48AE8611A95699700F96E28 /* PBXTargetDependency */,
			);
			name = athletesTests;
			productName = athletesTests;
			productReference = D48AE85F1A95699700F96E28 /* athletesTests.xctest */;
			productType = "com.apple.product-type.bundle.unit-test";
		};
/* End PBXNativeTarget section */

/* Begin PBXProject section */
		D48AE8421A95699700F96E28 /* Project object */ = {
			isa = PBXProject;
			attributes = {
				LastUpgradeCheck = 0610;
				ORGANIZATIONNAME = Matt;
				TargetAttributes = {
					D48AE8491A95699700F96E28 = {
						CreatedOnToolsVersion = 6.1.1;
					};
					D48AE85E1A95699700F96E28 = {
						CreatedOnToolsVersion = 6.1.1;
						TestTargetID = D48AE8491A95699700F96E28;
					};
				};
			};
			buildConfigurationList = D48AE8451A95699700F96E28 /* Build configuration list for PBXProject "athletes" */;
			compatibilityVersion = "Xcode 3.2";
			developmentRegion = English;
			hasScannedForEncodings = 0;
			knownRegions = (
				en,
				Base,
			);
			mainGroup = D48AE8411A95699700F96E28;
			productRefGroup = D48AE84B1A95699700F96E28 /* Products */;
			projectDirPath = "";
			projectRoot = "";
			targets = (
				D48AE8491A95699700F96E28 /* athletes */,
				D48AE85E1A95699700F96E28 /* athletesTests */,
			);
		};
/* End PBXProject section */

/* Begin PBXResourcesBuildPhase section */
		D48AE8481A95699700F96E28 /* Resources */ = {
			isa = PBXResourcesBuildPhase;
			buildActionMask = 2147483647;
			files = (
				D48AE8551A95699700F96E28 /* Main.storyboard in Resources */,
				D48AE85A1A95699700F96E28 /* LaunchScreen.xib in Resources */,
				D48AE8571A95699700F96E28 /* Images.xcassets in Resources */,
			);
			runOnlyForDeploymentPostprocessing = 0;
		};
		D48AE85D1A95699700F96E28 /* Resources */ = {
			isa = PBXResourcesBuildPhase;
			buildActionMask = 2147483647;
			files = (
			);
			runOnlyForDeploymentPostprocessing = 0;
		};
/* End PBXResourcesBuildPhase section */

/* Begin PBXSourcesBuildPhase section */
		D48AE8461A95699700F96E28 /* Sources */ = {
			isa = PBXSourcesBuildPhase;
			buildActionMask = 2147483647;
			files = (
				D48AE8521A95699700F96E28 /* ViewController.swift in Sources */,
				D48AE8501A95699700F96E28 /* AppDelegate.swift in Sources */,
			);
			runOnlyForDeploymentPostprocessing = 0;
		};
		D48AE85B1A95699700F96E28 /* Sources */ = {
			isa = PBXSourcesBuildPhase;
			buildActionMask = 2147483647;
			files = (
				D48AE8661A95699700F96E28 /* athletesTests.swift in Sources */,
			);
			runOnlyForDeploymentPostprocessing = 0;
		};
/* End PBXSourcesBuildPhase section */

/* Begin PBXTargetDependency section */
		D48AE8611A95699700F96E28 /* PBXTargetDependency */ = {
			isa = PBXTargetDependency;
			target = D48AE8491A95699700F96E28 /* athletes */;
			targetProxy = D48AE8601A95699700F96E28 /* PBXContainerItemProxy */;
		};
/* End PBXTargetDependency section */

/* Begin PBXVariantGroup section */
		D48AE8531A95699700F96E28 /* Main.storyboard */ = {
			isa = PBXVariantGroup;
			children = (
				D48AE8541A95699700F96E28 /* Base */,
			);
			name = Main.storyboard;
			sourceTree = "<group>";
		};
		D48AE8581A95699700F96E28 /* LaunchScreen.xib */ = {
			isa = PBXVariantGroup;
			children = (
				D48AE8591A95699700F96E28 /* Base */,
			);
			name = LaunchScreen.xib;
			sourceTree = "<group>";
		};
/* End PBXVariantGroup section */

/* Begin XCBuildConfiguration section */
		D48AE8671A95699700F96E28 /* Debug */ = {
			isa = XCBuildConfiguration;
			buildSettings = {
				ALWAYS_SEARCH_USER_PATHS = NO;
				CLANG_CXX_LANGUAGE_STANDARD = "gnu++0x";
				CLANG_CXX_LIBRARY = "libc++";
				CLANG_ENABLE_MODULES = YES;
				CLANG_ENABLE_OBJC_ARC = YES;
				CLANG_WARN_BOOL_CONVERSION = YES;
				CLANG_WARN_CONSTANT_CONVERSION = YES;
				CLANG_WARN_DIRECT_OBJC_ISA_USAGE = YES_ERROR;
				CLANG_WARN_EMPTY_BODY = YES;
				CLANG_WARN_ENUM_CONVERSION = YES;
				CLANG_WARN_INT_CONVERSION = YES;
				CLANG_WARN_OBJC_ROOT_CLASS = YES_ERROR;
				CLANG_WARN_UNREACHABLE_CODE = YES;
				CLANG_WARN__DUPLICATE_METHOD_MATCH = YES;
				"CODE_SIGN_IDENTITY[sdk=iphoneos*]" = "iPhone Developer";
				COPY_PHASE_STRIP = NO;
				ENABLE_STRICT_OBJC_MSGSEND = YES;
				GCC_C_LANGUAGE_STANDARD = gnu99;
				GCC_DYNAMIC_NO_PIC = NO;
				GCC_OPTIMIZATION_LEVEL = 0;
				GCC_PREPROCESSOR_DEFINITIONS = (
					"DEBUG=1",
					"$(inherited)",
				);
				GCC_SYMBOLS_PRIVATE_EXTERN = NO;
				GCC_WARN_64_TO_32_BIT_CONVERSION = YES;
				GCC_WARN_ABOUT_RETURN_TYPE = YES_ERROR;
				GCC_WARN_UNDECLARED_SELECTOR = YES;
				GCC_WARN_UNINITIALIZED_AUTOS = YES_AGGRESSIVE;
				GCC_WARN_UNUSED_FUNCTION = YES;
				GCC_WARN_UNUSED_VARIABLE = YES;
				IPHONEOS_DEPLOYMENT_TARGET = 8.1;
				MTL_ENABLE_DEBUG_INFO = YES;
				ONLY_ACTIVE_ARCH = YES;
				SDKROOT = iphoneos;
				SWIFT_OPTIMIZATION_LEVEL = "-Onone";
			};
			name = Debug;
		};
		D48AE8681A95699700F96E28 /* Release */ = {
			isa = XCBuildConfiguration;
			buildSettings = {
				ALWAYS_SEARCH_USER_PATHS = NO;
				CLANG_CXX_LANGUAGE_STANDARD = "gnu++0x";
				CLANG_CXX_LIBRARY = "libc++";
				CLANG_ENABLE_MODULES = YES;
				CLANG_ENABLE_OBJC_ARC = YES;
				CLANG_WARN_BOOL_CONVERSION = YES;
				CLANG_WARN_CONSTANT_CONVERSION = YES;
				CLANG_WARN_DIRECT_OBJC_ISA_USAGE = YES_ERROR;
				CLANG_WARN_EMPTY_BODY = YES;
				CLANG_WARN_ENUM_CONVERSION = YES;
				CLANG_WARN_INT_CONVERSION = YES;
				CLANG_WARN_OBJC_ROOT_CLASS = YES_ERROR;
				CLANG_WARN_UNREACHABLE_CODE = YES;
				CLANG_WARN__DUPLICATE_METHOD_MATCH = YES;
				"CODE_SIGN_IDENTITY[sdk=iphoneos*]" = "iPhone Developer";
				COPY_PHASE_STRIP = YES;
				ENABLE_NS_ASSERTIONS = NO;
				ENABLE_STRICT_OBJC_MSGSEND = YES;
				GCC_C_LANGUAGE_STANDARD = gnu99;
				GCC_WARN_64_TO_32_BIT_CONVERSION = YES;
				GCC_WARN_ABOUT_RETURN_TYPE = YES_ERROR;
				GCC_WARN_UNDECLARED_SELECTOR = YES;
				GCC_WARN_UNINITIALIZED_AUTOS = YES_AGGRESSIVE;
				GCC_WARN_UNUSED_FUNCTION = YES;
				GCC_WARN_UNUSED_VARIABLE = YES;
				IPHONEOS_DEPLOYMENT_TARGET = 8.1;
				MTL_ENABLE_DEBUG_INFO = NO;
				SDKROOT = iphoneos;
				VALIDATE_PRODUCT = YES;
			};
			name = Release;
		};
		D48AE86A1A95699700F96E28 /* Debug */ = {
			isa = XCBuildConfiguration;
			buildSettings = {
				ASSETCATALOG_COMPILER_APPICON_NAME = AppIcon;
				INFOPLIST_FILE = athletes/Info.plist;
				LD_RUNPATH_SEARCH_PATHS = "$(inherited) @executable_path/Frameworks";
				PRODUCT_NAME = "$(TARGET_NAME)";
			};
			name = Debug;
		};
		D48AE86B1A95699700F96E28 /* Release */ = {
			isa = XCBuildConfiguration;
			buildSettings = {
				ASSETCATALOG_COMPILER_APPICON_NAME = AppIcon;
				INFOPLIST_FILE = athletes/Info.plist;
				LD_RUNPATH_SEARCH_PATHS = "$(inherited) @executable_path/Frameworks";
				PRODUCT_NAME = "$(TARGET_NAME)";
			};
			name = Release;
		};
		D48AE86D1A95699700F96E28 /* Debug */ = {
			isa = XCBuildConfiguration;
			buildSettings = {
				BUNDLE_LOADER = "$(TEST_HOST)";
				FRAMEWORK_SEARCH_PATHS = (
					"$(SDKROOT)/Developer/Library/Frameworks",
					"$(inherited)",
				);
				GCC_PREPROCESSOR_DEFINITIONS = (
					"DEBUG=1",
					"$(inherited)",
				);
				INFOPLIST_FILE = athletesTests/Info.plist;
				LD_RUNPATH_SEARCH_PATHS = "$(inherited) @executable_path/Frameworks @loader_path/Frameworks";
				PRODUCT_NAME = "$(TARGET_NAME)";
				TEST_HOST = "$(BUILT_PRODUCTS_DIR)/athletes.app/athletes";
			};
			name = Debug;
		};
		D48AE86E1A95699700F96E28 /* Release */ = {
			isa = XCBuildConfiguration;
			buildSettings = {
				BUNDLE_LOADER = "$(TEST_HOST)";
				FRAMEWORK_SEARCH_PATHS = (
					"$(SDKROOT)/Developer/Library/Frameworks",
					"$(inherited)",
				);
				INFOPLIST_FILE = athletesTests/Info.plist;
				LD_RUNPATH_SEARCH_PATHS = "$(inherited) @executable_path/Frameworks @loader_path/Frameworks";
				PRODUCT_NAME = "$(TARGET_NAME)";
				TEST_HOST = "$(BUILT_PRODUCTS_DIR)/athletes.app/athletes";
			};
			name = Release;
		};
/* End XCBuildConfiguration section */

/* Begin XCConfigurationList section */
		D48AE8451A95699700F96E28 /* Build configuration list for PBXProject "athletes" */ = {
			isa = XCConfigurationList;
			buildConfigurations = (
				D48AE8671A95699700F96E28 /* Debug */,
				D48AE8681A95699700F96E28 /* Release */,
			);
			defaultConfigurationIsVisible = 0;
			defaultConfigurationName = Release;
		};
		D48AE8691A95699700F96E28 /* Build configuration list for PBXNativeTarget "athletes" */ = {
			isa = XCConfigurationList;
			buildConfigurations = (
				D48AE86A1A95699700F96E28 /* Debug */,
				D48AE86B1A95699700F96E28 /* Release */,
			);
			defaultConfigurationIsVisible = 0;
		};
		D48AE86C1A95699700F96E28 /* Build configuration list for PBXNativeTarget "athletesTests" */ = {
			isa = XCConfigurationList;
			buildConfigurations = (
				D48AE86D1A95699700F96E28 /* Debug */,
				D48AE86E1A95699700F96E28 /* Release */,
			);
			defaultConfigurationIsVisible = 0;
		};
/* End XCConfigurationList section */
	};
	rootObject = D48AE8421A95699700F96E28 /* Project object */;
}
