// !$*UTF8*$!
{
	archiveVersion = 1;
	classes = {
	};
	objectVersion = 46;
	objects = {

/* Begin PBXBuildFile section */
		D4B8BF931A804BA500CDCFBA /* AppDelegate.swift in Sources */ = {isa = PBXBuildFile; fileRef = D4B8BF921A804BA500CDCFBA /* AppDelegate.swift */; };
		D4B8BF951A804BA500CDCFBA /* ViewController.swift in Sources */ = {isa = PBXBuildFile; fileRef = D4B8BF941A804BA500CDCFBA /* ViewController.swift */; };
		D4B8BF981A804BA500CDCFBA /* Main.storyboard in Resources */ = {isa = PBXBuildFile; fileRef = D4B8BF961A804BA500CDCFBA /* Main.storyboard */; };
		D4B8BF9A1A804BA500CDCFBA /* Images.xcassets in Resources */ = {isa = PBXBuildFile; fileRef = D4B8BF991A804BA500CDCFBA /* Images.xcassets */; };
		D4B8BF9D1A804BA500CDCFBA /* LaunchScreen.xib in Resources */ = {isa = PBXBuildFile; fileRef = D4B8BF9B1A804BA500CDCFBA /* LaunchScreen.xib */; };
		D4B8BFA91A804BA600CDCFBA /* drawing_in_code_classTests.swift in Sources */ = {isa = PBXBuildFile; fileRef = D4B8BFA81A804BA600CDCFBA /* drawing_in_code_classTests.swift */; };
/* End PBXBuildFile section */

/* Begin PBXContainerItemProxy section */
		D4B8BFA31A804BA600CDCFBA /* PBXContainerItemProxy */ = {
			isa = PBXContainerItemProxy;
			containerPortal = D4B8BF851A804BA500CDCFBA /* Project object */;
			proxyType = 1;
			remoteGlobalIDString = D4B8BF8C1A804BA500CDCFBA;
			remoteInfo = "drawing in code class";
		};
/* End PBXContainerItemProxy section */

/* Begin PBXFileReference section */
		D4B8BF8D1A804BA500CDCFBA /* drawing in code class.app */ = {isa = PBXFileReference; explicitFileType = wrapper.application; includeInIndex = 0; path = "drawing in code class.app"; sourceTree = BUILT_PRODUCTS_DIR; };
		D4B8BF911A804BA500CDCFBA /* Info.plist */ = {isa = PBXFileReference; lastKnownFileType = text.plist.xml; path = Info.plist; sourceTree = "<group>"; };
		D4B8BF921A804BA500CDCFBA /* AppDelegate.swift */ = {isa = PBXFileReference; lastKnownFileType = sourcecode.swift; path = AppDelegate.swift; sourceTree = "<group>"; };
		D4B8BF941A804BA500CDCFBA /* ViewController.swift */ = {isa = PBXFileReference; lastKnownFileType = sourcecode.swift; path = ViewController.swift; sourceTree = "<group>"; };
		D4B8BF971A804BA500CDCFBA /* Base */ = {isa = PBXFileReference; lastKnownFileType = file.storyboard; name = Base; path = Base.lproj/Main.storyboard; sourceTree = "<group>"; };
		D4B8BF991A804BA500CDCFBA /* Images.xcassets */ = {isa = PBXFileReference; lastKnownFileType = folder.assetcatalog; path = Images.xcassets; sourceTree = "<group>"; };
		D4B8BF9C1A804BA500CDCFBA /* Base */ = {isa = PBXFileReference; lastKnownFileType = file.xib; name = Base; path = Base.lproj/LaunchScreen.xib; sourceTree = "<group>"; };
		D4B8BFA21A804BA600CDCFBA /* drawing in code classTests.xctest */ = {isa = PBXFileReference; explicitFileType = wrapper.cfbundle; includeInIndex = 0; path = "drawing in code classTests.xctest"; sourceTree = BUILT_PRODUCTS_DIR; };
		D4B8BFA71A804BA600CDCFBA /* Info.plist */ = {isa = PBXFileReference; lastKnownFileType = text.plist.xml; path = Info.plist; sourceTree = "<group>"; };
		D4B8BFA81A804BA600CDCFBA /* drawing_in_code_classTests.swift */ = {isa = PBXFileReference; lastKnownFileType = sourcecode.swift; path = drawing_in_code_classTests.swift; sourceTree = "<group>"; };
/* End PBXFileReference section */

/* Begin PBXFrameworksBuildPhase section */
		D4B8BF8A1A804BA500CDCFBA /* Frameworks */ = {
			isa = PBXFrameworksBuildPhase;
			buildActionMask = 2147483647;
			files = (
			);
			runOnlyForDeploymentPostprocessing = 0;
		};
		D4B8BF9F1A804BA600CDCFBA /* Frameworks */ = {
			isa = PBXFrameworksBuildPhase;
			buildActionMask = 2147483647;
			files = (
			);
			runOnlyForDeploymentPostprocessing = 0;
		};
/* End PBXFrameworksBuildPhase section */

/* Begin PBXGroup section */
		D4B8BF841A804BA500CDCFBA = {
			isa = PBXGroup;
			children = (
				D4B8BF8F1A804BA500CDCFBA /* drawing in code class */,
				D4B8BFA51A804BA600CDCFBA /* drawing in code classTests */,
				D4B8BF8E1A804BA500CDCFBA /* Products */,
			);
			sourceTree = "<group>";
		};
		D4B8BF8E1A804BA500CDCFBA /* Products */ = {
			isa = PBXGroup;
			children = (
				D4B8BF8D1A804BA500CDCFBA /* drawing in code class.app */,
				D4B8BFA21A804BA600CDCFBA /* drawing in code classTests.xctest */,
			);
			name = Products;
			sourceTree = "<group>";
		};
		D4B8BF8F1A804BA500CDCFBA /* drawing in code class */ = {
			isa = PBXGroup;
			children = (
				D4B8BF921A804BA500CDCFBA /* AppDelegate.swift */,
				D4B8BF941A804BA500CDCFBA /* ViewController.swift */,
				D4B8BF961A804BA500CDCFBA /* Main.storyboard */,
				D4B8BF991A804BA500CDCFBA /* Images.xcassets */,
				D4B8BF9B1A804BA500CDCFBA /* LaunchScreen.xib */,
				D4B8BF901A804BA500CDCFBA /* Supporting Files */,
			);
			path = "drawing in code class";
			sourceTree = "<group>";
		};
		D4B8BF901A804BA500CDCFBA /* Supporting Files */ = {
			isa = PBXGroup;
			children = (
				D4B8BF911A804BA500CDCFBA /* Info.plist */,
			);
			name = "Supporting Files";
			sourceTree = "<group>";
		};
		D4B8BFA51A804BA600CDCFBA /* drawing in code classTests */ = {
			isa = PBXGroup;
			children = (
				D4B8BFA81A804BA600CDCFBA /* drawing_in_code_classTests.swift */,
				D4B8BFA61A804BA600CDCFBA /* Supporting Files */,
			);
			path = "drawing in code classTests";
			sourceTree = "<group>";
		};
		D4B8BFA61A804BA600CDCFBA /* Supporting Files */ = {
			isa = PBXGroup;
			children = (
				D4B8BFA71A804BA600CDCFBA /* Info.plist */,
			);
			name = "Supporting Files";
			sourceTree = "<group>";
		};
/* End PBXGroup section */

/* Begin PBXNativeTarget section */
		D4B8BF8C1A804BA500CDCFBA /* drawing in code class */ = {
			isa = PBXNativeTarget;
			buildConfigurationList = D4B8BFAC1A804BA600CDCFBA /* Build configuration list for PBXNativeTarget "drawing in code class" */;
			buildPhases = (
				D4B8BF891A804BA500CDCFBA /* Sources */,
				D4B8BF8A1A804BA500CDCFBA /* Frameworks */,
				D4B8BF8B1A804BA500CDCFBA /* Resources */,
			);
			buildRules = (
			);
			dependencies = (
			);
			name = "drawing in code class";
			productName = "drawing in code class";
			productReference = D4B8BF8D1A804BA500CDCFBA /* drawing in code class.app */;
			productType = "com.apple.product-type.application";
		};
		D4B8BFA11A804BA600CDCFBA /* drawing in code classTests */ = {
			isa = PBXNativeTarget;
			buildConfigurationList = D4B8BFAF1A804BA600CDCFBA /* Build configuration list for PBXNativeTarget "drawing in code classTests" */;
			buildPhases = (
				D4B8BF9E1A804BA600CDCFBA /* Sources */,
				D4B8BF9F1A804BA600CDCFBA /* Frameworks */,
				D4B8BFA01A804BA600CDCFBA /* Resources */,
			);
			buildRules = (
			);
			dependencies = (
				D4B8BFA41A804BA600CDCFBA /* PBXTargetDependency */,
			);
			name = "drawing in code classTests";
			productName = "drawing in code classTests";
			productReference = D4B8BFA21A804BA600CDCFBA /* drawing in code classTests.xctest */;
			productType = "com.apple.product-type.bundle.unit-test";
		};
/* End PBXNativeTarget section */

/* Begin PBXProject section */
		D4B8BF851A804BA500CDCFBA /* Project object */ = {
			isa = PBXProject;
			attributes = {
				LastUpgradeCheck = 0610;
				ORGANIZATIONNAME = Matt;
				TargetAttributes = {
					D4B8BF8C1A804BA500CDCFBA = {
						CreatedOnToolsVersion = 6.1.1;
					};
					D4B8BFA11A804BA600CDCFBA = {
						CreatedOnToolsVersion = 6.1.1;
						TestTargetID = D4B8BF8C1A804BA500CDCFBA;
					};
				};
			};
			buildConfigurationList = D4B8BF881A804BA500CDCFBA /* Build configuration list for PBXProject "drawing in code class" */;
			compatibilityVersion = "Xcode 3.2";
			developmentRegion = English;
			hasScannedForEncodings = 0;
			knownRegions = (
				en,
				Base,
			);
			mainGroup = D4B8BF841A804BA500CDCFBA;
			productRefGroup = D4B8BF8E1A804BA500CDCFBA /* Products */;
			projectDirPath = "";
			projectRoot = "";
			targets = (
				D4B8BF8C1A804BA500CDCFBA /* drawing in code class */,
				D4B8BFA11A804BA600CDCFBA /* drawing in code classTests */,
			);
		};
/* End PBXProject section */

/* Begin PBXResourcesBuildPhase section */
		D4B8BF8B1A804BA500CDCFBA /* Resources */ = {
			isa = PBXResourcesBuildPhase;
			buildActionMask = 2147483647;
			files = (
				D4B8BF981A804BA500CDCFBA /* Main.storyboard in Resources */,
				D4B8BF9D1A804BA500CDCFBA /* LaunchScreen.xib in Resources */,
				D4B8BF9A1A804BA500CDCFBA /* Images.xcassets in Resources */,
			);
			runOnlyForDeploymentPostprocessing = 0;
		};
		D4B8BFA01A804BA600CDCFBA /* Resources */ = {
			isa = PBXResourcesBuildPhase;
			buildActionMask = 2147483647;
			files = (
			);
			runOnlyForDeploymentPostprocessing = 0;
		};
/* End PBXResourcesBuildPhase section */

/* Begin PBXSourcesBuildPhase section */
		D4B8BF891A804BA500CDCFBA /* Sources */ = {
			isa = PBXSourcesBuildPhase;
			buildActionMask = 2147483647;
			files = (
				D4B8BF951A804BA500CDCFBA /* ViewController.swift in Sources */,
				D4B8BF931A804BA500CDCFBA /* AppDelegate.swift in Sources */,
			);
			runOnlyForDeploymentPostprocessing = 0;
		};
		D4B8BF9E1A804BA600CDCFBA /* Sources */ = {
			isa = PBXSourcesBuildPhase;
			buildActionMask = 2147483647;
			files = (
				D4B8BFA91A804BA600CDCFBA /* drawing_in_code_classTests.swift in Sources */,
			);
			runOnlyForDeploymentPostprocessing = 0;
		};
/* End PBXSourcesBuildPhase section */

/* Begin PBXTargetDependency section */
		D4B8BFA41A804BA600CDCFBA /* PBXTargetDependency */ = {
			isa = PBXTargetDependency;
			target = D4B8BF8C1A804BA500CDCFBA /* drawing in code class */;
			targetProxy = D4B8BFA31A804BA600CDCFBA /* PBXContainerItemProxy */;
		};
/* End PBXTargetDependency section */

/* Begin PBXVariantGroup section */
		D4B8BF961A804BA500CDCFBA /* Main.storyboard */ = {
			isa = PBXVariantGroup;
			children = (
				D4B8BF971A804BA500CDCFBA /* Base */,
			);
			name = Main.storyboard;
			sourceTree = "<group>";
		};
		D4B8BF9B1A804BA500CDCFBA /* LaunchScreen.xib */ = {
			isa = PBXVariantGroup;
			children = (
				D4B8BF9C1A804BA500CDCFBA /* Base */,
			);
			name = LaunchScreen.xib;
			sourceTree = "<group>";
		};
/* End PBXVariantGroup section */

/* Begin XCBuildConfiguration section */
		D4B8BFAA1A804BA600CDCFBA /* Debug */ = {
			isa = XCBuildConfiguration;
			buildSettings = {
				ALWAYS_SEARCH_USER_PATHS = NO;
				CLANG_CXX_LANGUAGE_STANDARD = "gnu++0x";
				CLANG_CXX_LIBRARY = "libc++";
				CLANG_ENABLE_MODULES = YES;
				CLANG_ENABLE_OBJC_ARC = YES;
				CLANG_WARN_BOOL_CONVERSION = YES;
				CLANG_WARN_CONSTANT_CONVERSION = YES;
				CLANG_WARN_DIRECT_OBJC_ISA_USAGE = YES_ERROR;
				CLANG_WARN_EMPTY_BODY = YES;
				CLANG_WARN_ENUM_CONVERSION = YES;
				CLANG_WARN_INT_CONVERSION = YES;
				CLANG_WARN_OBJC_ROOT_CLASS = YES_ERROR;
				CLANG_WARN_UNREACHABLE_CODE = YES;
				CLANG_WARN__DUPLICATE_METHOD_MATCH = YES;
				"CODE_SIGN_IDENTITY[sdk=iphoneos*]" = "iPhone Developer";
				COPY_PHASE_STRIP = NO;
				ENABLE_STRICT_OBJC_MSGSEND = YES;
				GCC_C_LANGUAGE_STANDARD = gnu99;
				GCC_DYNAMIC_NO_PIC = NO;
				GCC_OPTIMIZATION_LEVEL = 0;
				GCC_PREPROCESSOR_DEFINITIONS = (
					"DEBUG=1",
					"$(inherited)",
				);
				GCC_SYMBOLS_PRIVATE_EXTERN = NO;
				GCC_WARN_64_TO_32_BIT_CONVERSION = YES;
				GCC_WARN_ABOUT_RETURN_TYPE = YES_ERROR;
				GCC_WARN_UNDECLARED_SELECTOR = YES;
				GCC_WARN_UNINITIALIZED_AUTOS = YES_AGGRESSIVE;
				GCC_WARN_UNUSED_FUNCTION = YES;
				GCC_WARN_UNUSED_VARIABLE = YES;
				IPHONEOS_DEPLOYMENT_TARGET = 8.1;
				MTL_ENABLE_DEBUG_INFO = YES;
				ONLY_ACTIVE_ARCH = YES;
				SDKROOT = iphoneos;
				SWIFT_OPTIMIZATION_LEVEL = "-Onone";
			};
			name = Debug;
		};
		D4B8BFAB1A804BA600CDCFBA /* Release */ = {
			isa = XCBuildConfiguration;
			buildSettings = {
				ALWAYS_SEARCH_USER_PATHS = NO;
				CLANG_CXX_LANGUAGE_STANDARD = "gnu++0x";
				CLANG_CXX_LIBRARY = "libc++";
				CLANG_ENABLE_MODULES = YES;
				CLANG_ENABLE_OBJC_ARC = YES;
				CLANG_WARN_BOOL_CONVERSION = YES;
				CLANG_WARN_CONSTANT_CONVERSION = YES;
				CLANG_WARN_DIRECT_OBJC_ISA_USAGE = YES_ERROR;
				CLANG_WARN_EMPTY_BODY = YES;
				CLANG_WARN_ENUM_CONVERSION = YES;
				CLANG_WARN_INT_CONVERSION = YES;
				CLANG_WARN_OBJC_ROOT_CLASS = YES_ERROR;
				CLANG_WARN_UNREACHABLE_CODE = YES;
				CLANG_WARN__DUPLICATE_METHOD_MATCH = YES;
				"CODE_SIGN_IDENTITY[sdk=iphoneos*]" = "iPhone Developer";
				COPY_PHASE_STRIP = YES;
				ENABLE_NS_ASSERTIONS = NO;
				ENABLE_STRICT_OBJC_MSGSEND = YES;
				GCC_C_LANGUAGE_STANDARD = gnu99;
				GCC_WARN_64_TO_32_BIT_CONVERSION = YES;
				GCC_WARN_ABOUT_RETURN_TYPE = YES_ERROR;
				GCC_WARN_UNDECLARED_SELECTOR = YES;
				GCC_WARN_UNINITIALIZED_AUTOS = YES_AGGRESSIVE;
				GCC_WARN_UNUSED_FUNCTION = YES;
				GCC_WARN_UNUSED_VARIABLE = YES;
				IPHONEOS_DEPLOYMENT_TARGET = 8.1;
				MTL_ENABLE_DEBUG_INFO = NO;
				SDKROOT = iphoneos;
				VALIDATE_PRODUCT = YES;
			};
			name = Release;
		};
		D4B8BFAD1A804BA600CDCFBA /* Debug */ = {
			isa = XCBuildConfiguration;
			buildSettings = {
				ASSETCATALOG_COMPILER_APPICON_NAME = AppIcon;
				INFOPLIST_FILE = "drawing in code class/Info.plist";
				LD_RUNPATH_SEARCH_PATHS = "$(inherited) @executable_path/Frameworks";
				PRODUCT_NAME = "$(TARGET_NAME)";
			};
			name = Debug;
		};
		D4B8BFAE1A804BA600CDCFBA /* Release */ = {
			isa = XCBuildConfiguration;
			buildSettings = {
				ASSETCATALOG_COMPILER_APPICON_NAME = AppIcon;
				INFOPLIST_FILE = "drawing in code class/Info.plist";
				LD_RUNPATH_SEARCH_PATHS = "$(inherited) @executable_path/Frameworks";
				PRODUCT_NAME = "$(TARGET_NAME)";
			};
			name = Release;
		};
		D4B8BFB01A804BA600CDCFBA /* Debug */ = {
			isa = XCBuildConfiguration;
			buildSettings = {
				BUNDLE_LOADER = "$(TEST_HOST)";
				FRAMEWORK_SEARCH_PATHS = (
					"$(SDKROOT)/Developer/Library/Frameworks",
					"$(inherited)",
				);
				GCC_PREPROCESSOR_DEFINITIONS = (
					"DEBUG=1",
					"$(inherited)",
				);
				INFOPLIST_FILE = "drawing in code classTests/Info.plist";
				LD_RUNPATH_SEARCH_PATHS = "$(inherited) @executable_path/Frameworks @loader_path/Frameworks";
				PRODUCT_NAME = "$(TARGET_NAME)";
				TEST_HOST = "$(BUILT_PRODUCTS_DIR)/drawing in code class.app/drawing in code class";
			};
			name = Debug;
		};
		D4B8BFB11A804BA600CDCFBA /* Release */ = {
			isa = XCBuildConfiguration;
			buildSettings = {
				BUNDLE_LOADER = "$(TEST_HOST)";
				FRAMEWORK_SEARCH_PATHS = (
					"$(SDKROOT)/Developer/Library/Frameworks",
					"$(inherited)",
				);
				INFOPLIST_FILE = "drawing in code classTests/Info.plist";
				LD_RUNPATH_SEARCH_PATHS = "$(inherited) @executable_path/Frameworks @loader_path/Frameworks";
				PRODUCT_NAME = "$(TARGET_NAME)";
				TEST_HOST = "$(BUILT_PRODUCTS_DIR)/drawing in code class.app/drawing in code class";
			};
			name = Release;
		};
/* End XCBuildConfiguration section */

/* Begin XCConfigurationList section */
		D4B8BF881A804BA500CDCFBA /* Build configuration list for PBXProject "drawing in code class" */ = {
			isa = XCConfigurationList;
			buildConfigurations = (
				D4B8BFAA1A804BA600CDCFBA /* Debug */,
				D4B8BFAB1A804BA600CDCFBA /* Release */,
			);
			defaultConfigurationIsVisible = 0;
			defaultConfigurationName = Release;
		};
		D4B8BFAC1A804BA600CDCFBA /* Build configuration list for PBXNativeTarget "drawing in code class" */ = {
			isa = XCConfigurationList;
			buildConfigurations = (
				D4B8BFAD1A804BA600CDCFBA /* Debug */,
				D4B8BFAE1A804BA600CDCFBA /* Release */,
			);
			defaultConfigurationIsVisible = 0;
		};
		D4B8BFAF1A804BA600CDCFBA /* Build configuration list for PBXNativeTarget "drawing in code classTests" */ = {
			isa = XCConfigurationList;
			buildConfigurations = (
				D4B8BFB01A804BA600CDCFBA /* Debug */,
				D4B8BFB11A804BA600CDCFBA /* Release */,
			);
			defaultConfigurationIsVisible = 0;
		};
/* End XCConfigurationList section */
	};
	rootObject = D4B8BF851A804BA500CDCFBA /* Project object */;
}
