// !$*UTF8*$!
{
	archiveVersion = 1;
	classes = {
	};
	objectVersion = 46;
	objects = {

/* Begin PBXBuildFile section */
		D4D5C7031A5CC40900B30A8C /* AppDelegate.swift in Sources */ = {isa = PBXBuildFile; fileRef = D4D5C7021A5CC40900B30A8C /* AppDelegate.swift */; };
		D4D5C7051A5CC40900B30A8C /* ViewController.swift in Sources */ = {isa = PBXBuildFile; fileRef = D4D5C7041A5CC40900B30A8C /* ViewController.swift */; };
		D4D5C7081A5CC40900B30A8C /* Main.storyboard in Resources */ = {isa = PBXBuildFile; fileRef = D4D5C7061A5CC40900B30A8C /* Main.storyboard */; };
		D4D5C70A1A5CC40900B30A8C /* Images.xcassets in Resources */ = {isa = PBXBuildFile; fileRef = D4D5C7091A5CC40900B30A8C /* Images.xcassets */; };
		D4D5C70D1A5CC40900B30A8C /* LaunchScreen.xib in Resources */ = {isa = PBXBuildFile; fileRef = D4D5C70B1A5CC40900B30A8C /* LaunchScreen.xib */; };
		D4D5C7191A5CC40900B30A8C /* BoatHw2Tests.swift in Sources */ = {isa = PBXBuildFile; fileRef = D4D5C7181A5CC40900B30A8C /* BoatHw2Tests.swift */; };
		D4D5C7231A5CC4B800B30A8C /* Boat.swift in Sources */ = {isa = PBXBuildFile; fileRef = D4D5C7221A5CC4B800B30A8C /* Boat.swift */; };
/* End PBXBuildFile section */

/* Begin PBXContainerItemProxy section */
		D4D5C7131A5CC40900B30A8C /* PBXContainerItemProxy */ = {
			isa = PBXContainerItemProxy;
			containerPortal = D4D5C6F51A5CC40900B30A8C /* Project object */;
			proxyType = 1;
			remoteGlobalIDString = D4D5C6FC1A5CC40900B30A8C;
			remoteInfo = BoatHw2;
		};
/* End PBXContainerItemProxy section */

/* Begin PBXFileReference section */
		D4D5C6FD1A5CC40900B30A8C /* BoatHw2.app */ = {isa = PBXFileReference; explicitFileType = wrapper.application; includeInIndex = 0; path = BoatHw2.app; sourceTree = BUILT_PRODUCTS_DIR; };
		D4D5C7011A5CC40900B30A8C /* Info.plist */ = {isa = PBXFileReference; lastKnownFileType = text.plist.xml; path = Info.plist; sourceTree = "<group>"; };
		D4D5C7021A5CC40900B30A8C /* AppDelegate.swift */ = {isa = PBXFileReference; lastKnownFileType = sourcecode.swift; path = AppDelegate.swift; sourceTree = "<group>"; };
		D4D5C7041A5CC40900B30A8C /* ViewController.swift */ = {isa = PBXFileReference; lastKnownFileType = sourcecode.swift; path = ViewController.swift; sourceTree = "<group>"; };
		D4D5C7071A5CC40900B30A8C /* Base */ = {isa = PBXFileReference; lastKnownFileType = file.storyboard; name = Base; path = Base.lproj/Main.storyboard; sourceTree = "<group>"; };
		D4D5C7091A5CC40900B30A8C /* Images.xcassets */ = {isa = PBXFileReference; lastKnownFileType = folder.assetcatalog; path = Images.xcassets; sourceTree = "<group>"; };
		D4D5C70C1A5CC40900B30A8C /* Base */ = {isa = PBXFileReference; lastKnownFileType = file.xib; name = Base; path = Base.lproj/LaunchScreen.xib; sourceTree = "<group>"; };
		D4D5C7121A5CC40900B30A8C /* BoatHw2Tests.xctest */ = {isa = PBXFileReference; explicitFileType = wrapper.cfbundle; includeInIndex = 0; path = BoatHw2Tests.xctest; sourceTree = BUILT_PRODUCTS_DIR; };
		D4D5C7171A5CC40900B30A8C /* Info.plist */ = {isa = PBXFileReference; lastKnownFileType = text.plist.xml; path = Info.plist; sourceTree = "<group>"; };
		D4D5C7181A5CC40900B30A8C /* BoatHw2Tests.swift */ = {isa = PBXFileReference; lastKnownFileType = sourcecode.swift; path = BoatHw2Tests.swift; sourceTree = "<group>"; };
		D4D5C7221A5CC4B800B30A8C /* Boat.swift */ = {isa = PBXFileReference; fileEncoding = 4; lastKnownFileType = sourcecode.swift; path = Boat.swift; sourceTree = "<group>"; };
/* End PBXFileReference section */

/* Begin PBXFrameworksBuildPhase section */
		D4D5C6FA1A5CC40900B30A8C /* Frameworks */ = {
			isa = PBXFrameworksBuildPhase;
			buildActionMask = 2147483647;
			files = (
			);
			runOnlyForDeploymentPostprocessing = 0;
		};
		D4D5C70F1A5CC40900B30A8C /* Frameworks */ = {
			isa = PBXFrameworksBuildPhase;
			buildActionMask = 2147483647;
			files = (
			);
			runOnlyForDeploymentPostprocessing = 0;
		};
/* End PBXFrameworksBuildPhase section */

/* Begin PBXGroup section */
		D4D5C6F41A5CC40900B30A8C = {
			isa = PBXGroup;
			children = (
				D4D5C6FF1A5CC40900B30A8C /* BoatHw2 */,
				D4D5C7151A5CC40900B30A8C /* BoatHw2Tests */,
				D4D5C6FE1A5CC40900B30A8C /* Products */,
			);
			sourceTree = "<group>";
		};
		D4D5C6FE1A5CC40900B30A8C /* Products */ = {
			isa = PBXGroup;
			children = (
				D4D5C6FD1A5CC40900B30A8C /* BoatHw2.app */,
				D4D5C7121A5CC40900B30A8C /* BoatHw2Tests.xctest */,
			);
			name = Products;
			sourceTree = "<group>";
		};
		D4D5C6FF1A5CC40900B30A8C /* BoatHw2 */ = {
			isa = PBXGroup;
			children = (
				D4D5C7021A5CC40900B30A8C /* AppDelegate.swift */,
				D4D5C7041A5CC40900B30A8C /* ViewController.swift */,
				D4D5C7061A5CC40900B30A8C /* Main.storyboard */,
				D4D5C7221A5CC4B800B30A8C /* Boat.swift */,
				D4D5C7091A5CC40900B30A8C /* Images.xcassets */,
				D4D5C70B1A5CC40900B30A8C /* LaunchScreen.xib */,
				D4D5C7001A5CC40900B30A8C /* Supporting Files */,
			);
			path = BoatHw2;
			sourceTree = "<group>";
		};
		D4D5C7001A5CC40900B30A8C /* Supporting Files */ = {
			isa = PBXGroup;
			children = (
				D4D5C7011A5CC40900B30A8C /* Info.plist */,
			);
			name = "Supporting Files";
			sourceTree = "<group>";
		};
		D4D5C7151A5CC40900B30A8C /* BoatHw2Tests */ = {
			isa = PBXGroup;
			children = (
				D4D5C7181A5CC40900B30A8C /* BoatHw2Tests.swift */,
				D4D5C7161A5CC40900B30A8C /* Supporting Files */,
			);
			path = BoatHw2Tests;
			sourceTree = "<group>";
		};
		D4D5C7161A5CC40900B30A8C /* Supporting Files */ = {
			isa = PBXGroup;
			children = (
				D4D5C7171A5CC40900B30A8C /* Info.plist */,
			);
			name = "Supporting Files";
			sourceTree = "<group>";
		};
/* End PBXGroup section */

/* Begin PBXNativeTarget section */
		D4D5C6FC1A5CC40900B30A8C /* BoatHw2 */ = {
			isa = PBXNativeTarget;
			buildConfigurationList = D4D5C71C1A5CC40900B30A8C /* Build configuration list for PBXNativeTarget "BoatHw2" */;
			buildPhases = (
				D4D5C6F91A5CC40900B30A8C /* Sources */,
				D4D5C6FA1A5CC40900B30A8C /* Frameworks */,
				D4D5C6FB1A5CC40900B30A8C /* Resources */,
			);
			buildRules = (
			);
			dependencies = (
			);
			name = BoatHw2;
			productName = BoatHw2;
			productReference = D4D5C6FD1A5CC40900B30A8C /* BoatHw2.app */;
			productType = "com.apple.product-type.application";
		};
		D4D5C7111A5CC40900B30A8C /* BoatHw2Tests */ = {
			isa = PBXNativeTarget;
			buildConfigurationList = D4D5C71F1A5CC40900B30A8C /* Build configuration list for PBXNativeTarget "BoatHw2Tests" */;
			buildPhases = (
				D4D5C70E1A5CC40900B30A8C /* Sources */,
				D4D5C70F1A5CC40900B30A8C /* Frameworks */,
				D4D5C7101A5CC40900B30A8C /* Resources */,
			);
			buildRules = (
			);
			dependencies = (
				D4D5C7141A5CC40900B30A8C /* PBXTargetDependency */,
			);
			name = BoatHw2Tests;
			productName = BoatHw2Tests;
			productReference = D4D5C7121A5CC40900B30A8C /* BoatHw2Tests.xctest */;
			productType = "com.apple.product-type.bundle.unit-test";
		};
/* End PBXNativeTarget section */

/* Begin PBXProject section */
		D4D5C6F51A5CC40900B30A8C /* Project object */ = {
			isa = PBXProject;
			attributes = {
				LastUpgradeCheck = 0610;
				ORGANIZATIONNAME = Matt;
				TargetAttributes = {
					D4D5C6FC1A5CC40900B30A8C = {
						CreatedOnToolsVersion = 6.1;
					};
					D4D5C7111A5CC40900B30A8C = {
						CreatedOnToolsVersion = 6.1;
						TestTargetID = D4D5C6FC1A5CC40900B30A8C;
					};
				};
			};
			buildConfigurationList = D4D5C6F81A5CC40900B30A8C /* Build configuration list for PBXProject "BoatHw2" */;
			compatibilityVersion = "Xcode 3.2";
			developmentRegion = English;
			hasScannedForEncodings = 0;
			knownRegions = (
				en,
				Base,
			);
			mainGroup = D4D5C6F41A5CC40900B30A8C;
			productRefGroup = D4D5C6FE1A5CC40900B30A8C /* Products */;
			projectDirPath = "";
			projectRoot = "";
			targets = (
				D4D5C6FC1A5CC40900B30A8C /* BoatHw2 */,
				D4D5C7111A5CC40900B30A8C /* BoatHw2Tests */,
			);
		};
/* End PBXProject section */

/* Begin PBXResourcesBuildPhase section */
		D4D5C6FB1A5CC40900B30A8C /* Resources */ = {
			isa = PBXResourcesBuildPhase;
			buildActionMask = 2147483647;
			files = (
				D4D5C7081A5CC40900B30A8C /* Main.storyboard in Resources */,
				D4D5C70D1A5CC40900B30A8C /* LaunchScreen.xib in Resources */,
				D4D5C70A1A5CC40900B30A8C /* Images.xcassets in Resources */,
			);
			runOnlyForDeploymentPostprocessing = 0;
		};
		D4D5C7101A5CC40900B30A8C /* Resources */ = {
			isa = PBXResourcesBuildPhase;
			buildActionMask = 2147483647;
			files = (
			);
			runOnlyForDeploymentPostprocessing = 0;
		};
/* End PBXResourcesBuildPhase section */

/* Begin PBXSourcesBuildPhase section */
		D4D5C6F91A5CC40900B30A8C /* Sources */ = {
			isa = PBXSourcesBuildPhase;
			buildActionMask = 2147483647;
			files = (
				D4D5C7231A5CC4B800B30A8C /* Boat.swift in Sources */,
				D4D5C7051A5CC40900B30A8C /* ViewController.swift in Sources */,
				D4D5C7031A5CC40900B30A8C /* AppDelegate.swift in Sources */,
			);
			runOnlyForDeploymentPostprocessing = 0;
		};
		D4D5C70E1A5CC40900B30A8C /* Sources */ = {
			isa = PBXSourcesBuildPhase;
			buildActionMask = 2147483647;
			files = (
				D4D5C7191A5CC40900B30A8C /* BoatHw2Tests.swift in Sources */,
			);
			runOnlyForDeploymentPostprocessing = 0;
		};
/* End PBXSourcesBuildPhase section */

/* Begin PBXTargetDependency section */
		D4D5C7141A5CC40900B30A8C /* PBXTargetDependency */ = {
			isa = PBXTargetDependency;
			target = D4D5C6FC1A5CC40900B30A8C /* BoatHw2 */;
			targetProxy = D4D5C7131A5CC40900B30A8C /* PBXContainerItemProxy */;
		};
/* End PBXTargetDependency section */

/* Begin PBXVariantGroup section */
		D4D5C7061A5CC40900B30A8C /* Main.storyboard */ = {
			isa = PBXVariantGroup;
			children = (
				D4D5C7071A5CC40900B30A8C /* Base */,
			);
			name = Main.storyboard;
			sourceTree = "<group>";
		};
		D4D5C70B1A5CC40900B30A8C /* LaunchScreen.xib */ = {
			isa = PBXVariantGroup;
			children = (
				D4D5C70C1A5CC40900B30A8C /* Base */,
			);
			name = LaunchScreen.xib;
			sourceTree = "<group>";
		};
/* End PBXVariantGroup section */

/* Begin XCBuildConfiguration section */
		D4D5C71A1A5CC40900B30A8C /* Debug */ = {
			isa = XCBuildConfiguration;
			buildSettings = {
				ALWAYS_SEARCH_USER_PATHS = NO;
				CLANG_CXX_LANGUAGE_STANDARD = "gnu++0x";
				CLANG_CXX_LIBRARY = "libc++";
				CLANG_ENABLE_MODULES = YES;
				CLANG_ENABLE_OBJC_ARC = YES;
				CLANG_WARN_BOOL_CONVERSION = YES;
				CLANG_WARN_CONSTANT_CONVERSION = YES;
				CLANG_WARN_DIRECT_OBJC_ISA_USAGE = YES_ERROR;
				CLANG_WARN_EMPTY_BODY = YES;
				CLANG_WARN_ENUM_CONVERSION = YES;
				CLANG_WARN_INT_CONVERSION = YES;
				CLANG_WARN_OBJC_ROOT_CLASS = YES_ERROR;
				CLANG_WARN_UNREACHABLE_CODE = YES;
				CLANG_WARN__DUPLICATE_METHOD_MATCH = YES;
				"CODE_SIGN_IDENTITY[sdk=iphoneos*]" = "iPhone Developer";
				COPY_PHASE_STRIP = NO;
				ENABLE_STRICT_OBJC_MSGSEND = YES;
				GCC_C_LANGUAGE_STANDARD = gnu99;
				GCC_DYNAMIC_NO_PIC = NO;
				GCC_OPTIMIZATION_LEVEL = 0;
				GCC_PREPROCESSOR_DEFINITIONS = (
					"DEBUG=1",
					"$(inherited)",
				);
				GCC_SYMBOLS_PRIVATE_EXTERN = NO;
				GCC_WARN_64_TO_32_BIT_CONVERSION = YES;
				GCC_WARN_ABOUT_RETURN_TYPE = YES_ERROR;
				GCC_WARN_UNDECLARED_SELECTOR = YES;
				GCC_WARN_UNINITIALIZED_AUTOS = YES_AGGRESSIVE;
				GCC_WARN_UNUSED_FUNCTION = YES;
				GCC_WARN_UNUSED_VARIABLE = YES;
				IPHONEOS_DEPLOYMENT_TARGET = 8.1;
				MTL_ENABLE_DEBUG_INFO = YES;
				ONLY_ACTIVE_ARCH = YES;
				SDKROOT = iphoneos;
				SWIFT_OPTIMIZATION_LEVEL = "-Onone";
			};
			name = Debug;
		};
		D4D5C71B1A5CC40900B30A8C /* Release */ = {
			isa = XCBuildConfiguration;
			buildSettings = {
				ALWAYS_SEARCH_USER_PATHS = NO;
				CLANG_CXX_LANGUAGE_STANDARD = "gnu++0x";
				CLANG_CXX_LIBRARY = "libc++";
				CLANG_ENABLE_MODULES = YES;
				CLANG_ENABLE_OBJC_ARC = YES;
				CLANG_WARN_BOOL_CONVERSION = YES;
				CLANG_WARN_CONSTANT_CONVERSION = YES;
				CLANG_WARN_DIRECT_OBJC_ISA_USAGE = YES_ERROR;
				CLANG_WARN_EMPTY_BODY = YES;
				CLANG_WARN_ENUM_CONVERSION = YES;
				CLANG_WARN_INT_CONVERSION = YES;
				CLANG_WARN_OBJC_ROOT_CLASS = YES_ERROR;
				CLANG_WARN_UNREACHABLE_CODE = YES;
				CLANG_WARN__DUPLICATE_METHOD_MATCH = YES;
				"CODE_SIGN_IDENTITY[sdk=iphoneos*]" = "iPhone Developer";
				COPY_PHASE_STRIP = YES;
				ENABLE_NS_ASSERTIONS = NO;
				ENABLE_STRICT_OBJC_MSGSEND = YES;
				GCC_C_LANGUAGE_STANDARD = gnu99;
				GCC_WARN_64_TO_32_BIT_CONVERSION = YES;
				GCC_WARN_ABOUT_RETURN_TYPE = YES_ERROR;
				GCC_WARN_UNDECLARED_SELECTOR = YES;
				GCC_WARN_UNINITIALIZED_AUTOS = YES_AGGRESSIVE;
				GCC_WARN_UNUSED_FUNCTION = YES;
				GCC_WARN_UNUSED_VARIABLE = YES;
				IPHONEOS_DEPLOYMENT_TARGET = 8.1;
				MTL_ENABLE_DEBUG_INFO = NO;
				SDKROOT = iphoneos;
				VALIDATE_PRODUCT = YES;
			};
			name = Release;
		};
		D4D5C71D1A5CC40900B30A8C /* Debug */ = {
			isa = XCBuildConfiguration;
			buildSettings = {
				ASSETCATALOG_COMPILER_APPICON_NAME = AppIcon;
				INFOPLIST_FILE = BoatHw2/Info.plist;
				LD_RUNPATH_SEARCH_PATHS = "$(inherited) @executable_path/Frameworks";
				PRODUCT_NAME = "$(TARGET_NAME)";
			};
			name = Debug;
		};
		D4D5C71E1A5CC40900B30A8C /* Release */ = {
			isa = XCBuildConfiguration;
			buildSettings = {
				ASSETCATALOG_COMPILER_APPICON_NAME = AppIcon;
				INFOPLIST_FILE = BoatHw2/Info.plist;
				LD_RUNPATH_SEARCH_PATHS = "$(inherited) @executable_path/Frameworks";
				PRODUCT_NAME = "$(TARGET_NAME)";
			};
			name = Release;
		};
		D4D5C7201A5CC40900B30A8C /* Debug */ = {
			isa = XCBuildConfiguration;
			buildSettings = {
				BUNDLE_LOADER = "$(TEST_HOST)";
				FRAMEWORK_SEARCH_PATHS = (
					"$(SDKROOT)/Developer/Library/Frameworks",
					"$(inherited)",
				);
				GCC_PREPROCESSOR_DEFINITIONS = (
					"DEBUG=1",
					"$(inherited)",
				);
				INFOPLIST_FILE = BoatHw2Tests/Info.plist;
				LD_RUNPATH_SEARCH_PATHS = "$(inherited) @executable_path/Frameworks @loader_path/Frameworks";
				PRODUCT_NAME = "$(TARGET_NAME)";
				TEST_HOST = "$(BUILT_PRODUCTS_DIR)/BoatHw2.app/BoatHw2";
			};
			name = Debug;
		};
		D4D5C7211A5CC40900B30A8C /* Release */ = {
			isa = XCBuildConfiguration;
			buildSettings = {
				BUNDLE_LOADER = "$(TEST_HOST)";
				FRAMEWORK_SEARCH_PATHS = (
					"$(SDKROOT)/Developer/Library/Frameworks",
					"$(inherited)",
				);
				INFOPLIST_FILE = BoatHw2Tests/Info.plist;
				LD_RUNPATH_SEARCH_PATHS = "$(inherited) @executable_path/Frameworks @loader_path/Frameworks";
				PRODUCT_NAME = "$(TARGET_NAME)";
				TEST_HOST = "$(BUILT_PRODUCTS_DIR)/BoatHw2.app/BoatHw2";
			};
			name = Release;
		};
/* End XCBuildConfiguration section */

/* Begin XCConfigurationList section */
		D4D5C6F81A5CC40900B30A8C /* Build configuration list for PBXProject "BoatHw2" */ = {
			isa = XCConfigurationList;
			buildConfigurations = (
				D4D5C71A1A5CC40900B30A8C /* Debug */,
				D4D5C71B1A5CC40900B30A8C /* Release */,
			);
			defaultConfigurationIsVisible = 0;
			defaultConfigurationName = Release;
		};
		D4D5C71C1A5CC40900B30A8C /* Build configuration list for PBXNativeTarget "BoatHw2" */ = {
			isa = XCConfigurationList;
			buildConfigurations = (
				D4D5C71D1A5CC40900B30A8C /* Debug */,
				D4D5C71E1A5CC40900B30A8C /* Release */,
			);
			defaultConfigurationIsVisible = 0;
		};
		D4D5C71F1A5CC40900B30A8C /* Build configuration list for PBXNativeTarget "BoatHw2Tests" */ = {
			isa = XCConfigurationList;
			buildConfigurations = (
				D4D5C7201A5CC40900B30A8C /* Debug */,
				D4D5C7211A5CC40900B30A8C /* Release */,
			);
			defaultConfigurationIsVisible = 0;
		};
/* End XCConfigurationList section */
	};
	rootObject = D4D5C6F51A5CC40900B30A8C /* Project object */;
}
