// !$*UTF8*$!
{
	archiveVersion = 1;
	classes = {
	};
	objectVersion = 46;
	objects = {

/* Begin PBXBuildFile section */
		D4AAE0CC1A788596005CE2F8 /* AppDelegate.swift in Sources */ = {isa = PBXBuildFile; fileRef = D4AAE0CB1A788596005CE2F8 /* AppDelegate.swift */; };
		D4AAE0CE1A788596005CE2F8 /* ViewController.swift in Sources */ = {isa = PBXBuildFile; fileRef = D4AAE0CD1A788596005CE2F8 /* ViewController.swift */; };
		D4AAE0D11A788596005CE2F8 /* Main.storyboard in Resources */ = {isa = PBXBuildFile; fileRef = D4AAE0CF1A788596005CE2F8 /* Main.storyboard */; };
		D4AAE0D31A788596005CE2F8 /* Images.xcassets in Resources */ = {isa = PBXBuildFile; fileRef = D4AAE0D21A788596005CE2F8 /* Images.xcassets */; };
		D4AAE0D61A788596005CE2F8 /* LaunchScreen.xib in Resources */ = {isa = PBXBuildFile; fileRef = D4AAE0D41A788596005CE2F8 /* LaunchScreen.xib */; };
		D4AAE0E21A788596005CE2F8 /* TableViewTut2Tests.swift in Sources */ = {isa = PBXBuildFile; fileRef = D4AAE0E11A788596005CE2F8 /* TableViewTut2Tests.swift */; };
/* End PBXBuildFile section */

/* Begin PBXContainerItemProxy section */
		D4AAE0DC1A788596005CE2F8 /* PBXContainerItemProxy */ = {
			isa = PBXContainerItemProxy;
			containerPortal = D4AAE0BE1A788595005CE2F8 /* Project object */;
			proxyType = 1;
			remoteGlobalIDString = D4AAE0C51A788595005CE2F8;
			remoteInfo = TableViewTut2;
		};
/* End PBXContainerItemProxy section */

/* Begin PBXFileReference section */
		D4AAE0C61A788596005CE2F8 /* TableViewTut2.app */ = {isa = PBXFileReference; explicitFileType = wrapper.application; includeInIndex = 0; path = TableViewTut2.app; sourceTree = BUILT_PRODUCTS_DIR; };
		D4AAE0CA1A788596005CE2F8 /* Info.plist */ = {isa = PBXFileReference; lastKnownFileType = text.plist.xml; path = Info.plist; sourceTree = "<group>"; };
		D4AAE0CB1A788596005CE2F8 /* AppDelegate.swift */ = {isa = PBXFileReference; lastKnownFileType = sourcecode.swift; path = AppDelegate.swift; sourceTree = "<group>"; };
		D4AAE0CD1A788596005CE2F8 /* ViewController.swift */ = {isa = PBXFileReference; lastKnownFileType = sourcecode.swift; path = ViewController.swift; sourceTree = "<group>"; };
		D4AAE0D01A788596005CE2F8 /* Base */ = {isa = PBXFileReference; lastKnownFileType = file.storyboard; name = Base; path = Base.lproj/Main.storyboard; sourceTree = "<group>"; };
		D4AAE0D21A788596005CE2F8 /* Images.xcassets */ = {isa = PBXFileReference; lastKnownFileType = folder.assetcatalog; path = Images.xcassets; sourceTree = "<group>"; };
		D4AAE0D51A788596005CE2F8 /* Base */ = {isa = PBXFileReference; lastKnownFileType = file.xib; name = Base; path = Base.lproj/LaunchScreen.xib; sourceTree = "<group>"; };
		D4AAE0DB1A788596005CE2F8 /* TableViewTut2Tests.xctest */ = {isa = PBXFileReference; explicitFileType = wrapper.cfbundle; includeInIndex = 0; path = TableViewTut2Tests.xctest; sourceTree = BUILT_PRODUCTS_DIR; };
		D4AAE0E01A788596005CE2F8 /* Info.plist */ = {isa = PBXFileReference; lastKnownFileType = text.plist.xml; path = Info.plist; sourceTree = "<group>"; };
		D4AAE0E11A788596005CE2F8 /* TableViewTut2Tests.swift */ = {isa = PBXFileReference; lastKnownFileType = sourcecode.swift; path = TableViewTut2Tests.swift; sourceTree = "<group>"; };
/* End PBXFileReference section */

/* Begin PBXFrameworksBuildPhase section */
		D4AAE0C31A788595005CE2F8 /* Frameworks */ = {
			isa = PBXFrameworksBuildPhase;
			buildActionMask = 2147483647;
			files = (
			);
			runOnlyForDeploymentPostprocessing = 0;
		};
		D4AAE0D81A788596005CE2F8 /* Frameworks */ = {
			isa = PBXFrameworksBuildPhase;
			buildActionMask = 2147483647;
			files = (
			);
			runOnlyForDeploymentPostprocessing = 0;
		};
/* End PBXFrameworksBuildPhase section */

/* Begin PBXGroup section */
		D4AAE0BD1A788595005CE2F8 = {
			isa = PBXGroup;
			children = (
				D4AAE0C81A788596005CE2F8 /* TableViewTut2 */,
				D4AAE0DE1A788596005CE2F8 /* TableViewTut2Tests */,
				D4AAE0C71A788596005CE2F8 /* Products */,
			);
			sourceTree = "<group>";
		};
		D4AAE0C71A788596005CE2F8 /* Products */ = {
			isa = PBXGroup;
			children = (
				D4AAE0C61A788596005CE2F8 /* TableViewTut2.app */,
				D4AAE0DB1A788596005CE2F8 /* TableViewTut2Tests.xctest */,
			);
			name = Products;
			sourceTree = "<group>";
		};
		D4AAE0C81A788596005CE2F8 /* TableViewTut2 */ = {
			isa = PBXGroup;
			children = (
				D4AAE0CB1A788596005CE2F8 /* AppDelegate.swift */,
				D4AAE0CD1A788596005CE2F8 /* ViewController.swift */,
				D4AAE0CF1A788596005CE2F8 /* Main.storyboard */,
				D4AAE0D21A788596005CE2F8 /* Images.xcassets */,
				D4AAE0D41A788596005CE2F8 /* LaunchScreen.xib */,
				D4AAE0C91A788596005CE2F8 /* Supporting Files */,
			);
			path = TableViewTut2;
			sourceTree = "<group>";
		};
		D4AAE0C91A788596005CE2F8 /* Supporting Files */ = {
			isa = PBXGroup;
			children = (
				D4AAE0CA1A788596005CE2F8 /* Info.plist */,
			);
			name = "Supporting Files";
			sourceTree = "<group>";
		};
		D4AAE0DE1A788596005CE2F8 /* TableViewTut2Tests */ = {
			isa = PBXGroup;
			children = (
				D4AAE0E11A788596005CE2F8 /* TableViewTut2Tests.swift */,
				D4AAE0DF1A788596005CE2F8 /* Supporting Files */,
			);
			path = TableViewTut2Tests;
			sourceTree = "<group>";
		};
		D4AAE0DF1A788596005CE2F8 /* Supporting Files */ = {
			isa = PBXGroup;
			children = (
				D4AAE0E01A788596005CE2F8 /* Info.plist */,
			);
			name = "Supporting Files";
			sourceTree = "<group>";
		};
/* End PBXGroup section */

/* Begin PBXNativeTarget section */
		D4AAE0C51A788595005CE2F8 /* TableViewTut2 */ = {
			isa = PBXNativeTarget;
			buildConfigurationList = D4AAE0E51A788596005CE2F8 /* Build configuration list for PBXNativeTarget "TableViewTut2" */;
			buildPhases = (
				D4AAE0C21A788595005CE2F8 /* Sources */,
				D4AAE0C31A788595005CE2F8 /* Frameworks */,
				D4AAE0C41A788595005CE2F8 /* Resources */,
			);
			buildRules = (
			);
			dependencies = (
			);
			name = TableViewTut2;
			productName = TableViewTut2;
			productReference = D4AAE0C61A788596005CE2F8 /* TableViewTut2.app */;
			productType = "com.apple.product-type.application";
		};
		D4AAE0DA1A788596005CE2F8 /* TableViewTut2Tests */ = {
			isa = PBXNativeTarget;
			buildConfigurationList = D4AAE0E81A788596005CE2F8 /* Build configuration list for PBXNativeTarget "TableViewTut2Tests" */;
			buildPhases = (
				D4AAE0D71A788596005CE2F8 /* Sources */,
				D4AAE0D81A788596005CE2F8 /* Frameworks */,
				D4AAE0D91A788596005CE2F8 /* Resources */,
			);
			buildRules = (
			);
			dependencies = (
				D4AAE0DD1A788596005CE2F8 /* PBXTargetDependency */,
			);
			name = TableViewTut2Tests;
			productName = TableViewTut2Tests;
			productReference = D4AAE0DB1A788596005CE2F8 /* TableViewTut2Tests.xctest */;
			productType = "com.apple.product-type.bundle.unit-test";
		};
/* End PBXNativeTarget section */

/* Begin PBXProject section */
		D4AAE0BE1A788595005CE2F8 /* Project object */ = {
			isa = PBXProject;
			attributes = {
				LastUpgradeCheck = 0610;
				ORGANIZATIONNAME = Matt;
				TargetAttributes = {
					D4AAE0C51A788595005CE2F8 = {
						CreatedOnToolsVersion = 6.1;
					};
					D4AAE0DA1A788596005CE2F8 = {
						CreatedOnToolsVersion = 6.1;
						TestTargetID = D4AAE0C51A788595005CE2F8;
					};
				};
			};
			buildConfigurationList = D4AAE0C11A788595005CE2F8 /* Build configuration list for PBXProject "TableViewTut2" */;
			compatibilityVersion = "Xcode 3.2";
			developmentRegion = English;
			hasScannedForEncodings = 0;
			knownRegions = (
				en,
				Base,
			);
			mainGroup = D4AAE0BD1A788595005CE2F8;
			productRefGroup = D4AAE0C71A788596005CE2F8 /* Products */;
			projectDirPath = "";
			projectRoot = "";
			targets = (
				D4AAE0C51A788595005CE2F8 /* TableViewTut2 */,
				D4AAE0DA1A788596005CE2F8 /* TableViewTut2Tests */,
			);
		};
/* End PBXProject section */

/* Begin PBXResourcesBuildPhase section */
		D4AAE0C41A788595005CE2F8 /* Resources */ = {
			isa = PBXResourcesBuildPhase;
			buildActionMask = 2147483647;
			files = (
				D4AAE0D11A788596005CE2F8 /* Main.storyboard in Resources */,
				D4AAE0D61A788596005CE2F8 /* LaunchScreen.xib in Resources */,
				D4AAE0D31A788596005CE2F8 /* Images.xcassets in Resources */,
			);
			runOnlyForDeploymentPostprocessing = 0;
		};
		D4AAE0D91A788596005CE2F8 /* Resources */ = {
			isa = PBXResourcesBuildPhase;
			buildActionMask = 2147483647;
			files = (
			);
			runOnlyForDeploymentPostprocessing = 0;
		};
/* End PBXResourcesBuildPhase section */

/* Begin PBXSourcesBuildPhase section */
		D4AAE0C21A788595005CE2F8 /* Sources */ = {
			isa = PBXSourcesBuildPhase;
			buildActionMask = 2147483647;
			files = (
				D4AAE0CE1A788596005CE2F8 /* ViewController.swift in Sources */,
				D4AAE0CC1A788596005CE2F8 /* AppDelegate.swift in Sources */,
			);
			runOnlyForDeploymentPostprocessing = 0;
		};
		D4AAE0D71A788596005CE2F8 /* Sources */ = {
			isa = PBXSourcesBuildPhase;
			buildActionMask = 2147483647;
			files = (
				D4AAE0E21A788596005CE2F8 /* TableViewTut2Tests.swift in Sources */,
			);
			runOnlyForDeploymentPostprocessing = 0;
		};
/* End PBXSourcesBuildPhase section */

/* Begin PBXTargetDependency section */
		D4AAE0DD1A788596005CE2F8 /* PBXTargetDependency */ = {
			isa = PBXTargetDependency;
			target = D4AAE0C51A788595005CE2F8 /* TableViewTut2 */;
			targetProxy = D4AAE0DC1A788596005CE2F8 /* PBXContainerItemProxy */;
		};
/* End PBXTargetDependency section */

/* Begin PBXVariantGroup section */
		D4AAE0CF1A788596005CE2F8 /* Main.storyboard */ = {
			isa = PBXVariantGroup;
			children = (
				D4AAE0D01A788596005CE2F8 /* Base */,
			);
			name = Main.storyboard;
			sourceTree = "<group>";
		};
		D4AAE0D41A788596005CE2F8 /* LaunchScreen.xib */ = {
			isa = PBXVariantGroup;
			children = (
				D4AAE0D51A788596005CE2F8 /* Base */,
			);
			name = LaunchScreen.xib;
			sourceTree = "<group>";
		};
/* End PBXVariantGroup section */

/* Begin XCBuildConfiguration section */
		D4AAE0E31A788596005CE2F8 /* Debug */ = {
			isa = XCBuildConfiguration;
			buildSettings = {
				ALWAYS_SEARCH_USER_PATHS = NO;
				CLANG_CXX_LANGUAGE_STANDARD = "gnu++0x";
				CLANG_CXX_LIBRARY = "libc++";
				CLANG_ENABLE_MODULES = YES;
				CLANG_ENABLE_OBJC_ARC = YES;
				CLANG_WARN_BOOL_CONVERSION = YES;
				CLANG_WARN_CONSTANT_CONVERSION = YES;
				CLANG_WARN_DIRECT_OBJC_ISA_USAGE = YES_ERROR;
				CLANG_WARN_EMPTY_BODY = YES;
				CLANG_WARN_ENUM_CONVERSION = YES;
				CLANG_WARN_INT_CONVERSION = YES;
				CLANG_WARN_OBJC_ROOT_CLASS = YES_ERROR;
				CLANG_WARN_UNREACHABLE_CODE = YES;
				CLANG_WARN__DUPLICATE_METHOD_MATCH = YES;
				"CODE_SIGN_IDENTITY[sdk=iphoneos*]" = "iPhone Developer";
				COPY_PHASE_STRIP = NO;
				ENABLE_STRICT_OBJC_MSGSEND = YES;
				GCC_C_LANGUAGE_STANDARD = gnu99;
				GCC_DYNAMIC_NO_PIC = NO;
				GCC_OPTIMIZATION_LEVEL = 0;
				GCC_PREPROCESSOR_DEFINITIONS = (
					"DEBUG=1",
					"$(inherited)",
				);
				GCC_SYMBOLS_PRIVATE_EXTERN = NO;
				GCC_WARN_64_TO_32_BIT_CONVERSION = YES;
				GCC_WARN_ABOUT_RETURN_TYPE = YES_ERROR;
				GCC_WARN_UNDECLARED_SELECTOR = YES;
				GCC_WARN_UNINITIALIZED_AUTOS = YES_AGGRESSIVE;
				GCC_WARN_UNUSED_FUNCTION = YES;
				GCC_WARN_UNUSED_VARIABLE = YES;
				IPHONEOS_DEPLOYMENT_TARGET = 8.1;
				MTL_ENABLE_DEBUG_INFO = YES;
				ONLY_ACTIVE_ARCH = YES;
				SDKROOT = iphoneos;
				SWIFT_OPTIMIZATION_LEVEL = "-Onone";
			};
			name = Debug;
		};
		D4AAE0E41A788596005CE2F8 /* Release */ = {
			isa = XCBuildConfiguration;
			buildSettings = {
				ALWAYS_SEARCH_USER_PATHS = NO;
				CLANG_CXX_LANGUAGE_STANDARD = "gnu++0x";
				CLANG_CXX_LIBRARY = "libc++";
				CLANG_ENABLE_MODULES = YES;
				CLANG_ENABLE_OBJC_ARC = YES;
				CLANG_WARN_BOOL_CONVERSION = YES;
				CLANG_WARN_CONSTANT_CONVERSION = YES;
				CLANG_WARN_DIRECT_OBJC_ISA_USAGE = YES_ERROR;
				CLANG_WARN_EMPTY_BODY = YES;
				CLANG_WARN_ENUM_CONVERSION = YES;
				CLANG_WARN_INT_CONVERSION = YES;
				CLANG_WARN_OBJC_ROOT_CLASS = YES_ERROR;
				CLANG_WARN_UNREACHABLE_CODE = YES;
				CLANG_WARN__DUPLICATE_METHOD_MATCH = YES;
				"CODE_SIGN_IDENTITY[sdk=iphoneos*]" = "iPhone Developer";
				COPY_PHASE_STRIP = YES;
				ENABLE_NS_ASSERTIONS = NO;
				ENABLE_STRICT_OBJC_MSGSEND = YES;
				GCC_C_LANGUAGE_STANDARD = gnu99;
				GCC_WARN_64_TO_32_BIT_CONVERSION = YES;
				GCC_WARN_ABOUT_RETURN_TYPE = YES_ERROR;
				GCC_WARN_UNDECLARED_SELECTOR = YES;
				GCC_WARN_UNINITIALIZED_AUTOS = YES_AGGRESSIVE;
				GCC_WARN_UNUSED_FUNCTION = YES;
				GCC_WARN_UNUSED_VARIABLE = YES;
				IPHONEOS_DEPLOYMENT_TARGET = 8.1;
				MTL_ENABLE_DEBUG_INFO = NO;
				SDKROOT = iphoneos;
				VALIDATE_PRODUCT = YES;
			};
			name = Release;
		};
		D4AAE0E61A788596005CE2F8 /* Debug */ = {
			isa = XCBuildConfiguration;
			buildSettings = {
				ASSETCATALOG_COMPILER_APPICON_NAME = AppIcon;
				INFOPLIST_FILE = TableViewTut2/Info.plist;
				LD_RUNPATH_SEARCH_PATHS = "$(inherited) @executable_path/Frameworks";
				PRODUCT_NAME = "$(TARGET_NAME)";
			};
			name = Debug;
		};
		D4AAE0E71A788596005CE2F8 /* Release */ = {
			isa = XCBuildConfiguration;
			buildSettings = {
				ASSETCATALOG_COMPILER_APPICON_NAME = AppIcon;
				INFOPLIST_FILE = TableViewTut2/Info.plist;
				LD_RUNPATH_SEARCH_PATHS = "$(inherited) @executable_path/Frameworks";
				PRODUCT_NAME = "$(TARGET_NAME)";
			};
			name = Release;
		};
		D4AAE0E91A788596005CE2F8 /* Debug */ = {
			isa = XCBuildConfiguration;
			buildSettings = {
				BUNDLE_LOADER = "$(TEST_HOST)";
				FRAMEWORK_SEARCH_PATHS = (
					"$(SDKROOT)/Developer/Library/Frameworks",
					"$(inherited)",
				);
				GCC_PREPROCESSOR_DEFINITIONS = (
					"DEBUG=1",
					"$(inherited)",
				);
				INFOPLIST_FILE = TableViewTut2Tests/Info.plist;
				LD_RUNPATH_SEARCH_PATHS = "$(inherited) @executable_path/Frameworks @loader_path/Frameworks";
				PRODUCT_NAME = "$(TARGET_NAME)";
				TEST_HOST = "$(BUILT_PRODUCTS_DIR)/TableViewTut2.app/TableViewTut2";
			};
			name = Debug;
		};
		D4AAE0EA1A788596005CE2F8 /* Release */ = {
			isa = XCBuildConfiguration;
			buildSettings = {
				BUNDLE_LOADER = "$(TEST_HOST)";
				FRAMEWORK_SEARCH_PATHS = (
					"$(SDKROOT)/Developer/Library/Frameworks",
					"$(inherited)",
				);
				INFOPLIST_FILE = TableViewTut2Tests/Info.plist;
				LD_RUNPATH_SEARCH_PATHS = "$(inherited) @executable_path/Frameworks @loader_path/Frameworks";
				PRODUCT_NAME = "$(TARGET_NAME)";
				TEST_HOST = "$(BUILT_PRODUCTS_DIR)/TableViewTut2.app/TableViewTut2";
			};
			name = Release;
		};
/* End XCBuildConfiguration section */

/* Begin XCConfigurationList section */
		D4AAE0C11A788595005CE2F8 /* Build configuration list for PBXProject "TableViewTut2" */ = {
			isa = XCConfigurationList;
			buildConfigurations = (
				D4AAE0E31A788596005CE2F8 /* Debug */,
				D4AAE0E41A788596005CE2F8 /* Release */,
			);
			defaultConfigurationIsVisible = 0;
			defaultConfigurationName = Release;
		};
		D4AAE0E51A788596005CE2F8 /* Build configuration list for PBXNativeTarget "TableViewTut2" */ = {
			isa = XCConfigurationList;
			buildConfigurations = (
				D4AAE0E61A788596005CE2F8 /* Debug */,
				D4AAE0E71A788596005CE2F8 /* Release */,
			);
			defaultConfigurationIsVisible = 0;
		};
		D4AAE0E81A788596005CE2F8 /* Build configuration list for PBXNativeTarget "TableViewTut2Tests" */ = {
			isa = XCConfigurationList;
			buildConfigurations = (
				D4AAE0E91A788596005CE2F8 /* Debug */,
				D4AAE0EA1A788596005CE2F8 /* Release */,
			);
			defaultConfigurationIsVisible = 0;
		};
/* End XCConfigurationList section */
	};
	rootObject = D4AAE0BE1A788595005CE2F8 /* Project object */;
}
